
Microsoft Visual Studio Solution File, Format Version 12.00
# Visual Studio for Mac
Project("{FAE04EC0-301F-11D3-BF4B-00C04F79EFBC}") = "TheLongRun-master", "Assembly-CSharp.csproj", "{FC720AC3-B026-4AB5-5DC3-9AEC43ACA1A7}"
EndProject
Global
	GlobalSection(SolutionConfigurationPlatforms) = preSolution
		Debug|Any CPU = Debug|Any CPU
		Release|Any CPU = Release|Any CPU
	EndGlobalSection
	GlobalSection(ProjectConfigurationPlatforms) = postSolution
		{FC720AC3-B026-4AB5-5DC3-9AEC43ACA1A7}.Debug|Any CPU.ActiveCfg = Debug|Any CPU
		{FC720AC3-B026-4AB5-5DC3-9AEC43ACA1A7}.Debug|Any CPU.Build.0 = Debug|Any CPU
		{FC720AC3-B026-4AB5-5DC3-9AEC43ACA1A7}.Release|Any CPU.ActiveCfg = Release|Any CPU
		{FC720AC3-B026-4AB5-5DC3-9AEC43ACA1A7}.Release|Any CPU.Build.0 = Release|Any CPU
	EndGlobalSection
	GlobalSection(SolutionProperties) = preSolution
		HideSolutionNode = FALSE
	EndGlobalSection
EndGlobal
